// !$*UTF8*$!
{
	archiveVersion = 1;
	classes = {
	};
	objectVersion = 51;
	objects = {

/* Begin PBXBuildFile section */
		294BE3F3F9FC5623EF714694 /* Pods_Howl.framework in Frameworks */ = {isa = PBXBuildFile; fileRef = CC680B1A2EC0AB04ACD797A5 /* Pods_Howl.framework */; };
		B5563DA7265E5CD9008E9FC4 /* HistoryViewController.swift in Sources */ = {isa = PBXBuildFile; fileRef = B5563DA6265E5CD9008E9FC4 /* HistoryViewController.swift */; };
		B5C4084E263ABD0900D8F494 /* AppDelegate.swift in Sources */ = {isa = PBXBuildFile; fileRef = B5C4084D263ABD0900D8F494 /* AppDelegate.swift */; };
		B5C40850263ABD0900D8F494 /* SceneDelegate.swift in Sources */ = {isa = PBXBuildFile; fileRef = B5C4084F263ABD0900D8F494 /* SceneDelegate.swift */; };
		B5C40852263ABD0900D8F494 /* ViewController.swift in Sources */ = {isa = PBXBuildFile; fileRef = B5C40851263ABD0900D8F494 /* ViewController.swift */; };
		B5C40855263ABD0900D8F494 /* Main.storyboard in Resources */ = {isa = PBXBuildFile; fileRef = B5C40853263ABD0900D8F494 /* Main.storyboard */; };
		B5C40858263ABD0900D8F494 /* Howl.xcdatamodeld in Sources */ = {isa = PBXBuildFile; fileRef = B5C40856263ABD0900D8F494 /* Howl.xcdatamodeld */; };
		B5C4085A263ABD0A00D8F494 /* Assets.xcassets in Resources */ = {isa = PBXBuildFile; fileRef = B5C40859263ABD0A00D8F494 /* Assets.xcassets */; };
		B5C4085D263ABD0A00D8F494 /* LaunchScreen.storyboard in Resources */ = {isa = PBXBuildFile; fileRef = B5C4085B263ABD0A00D8F494 /* LaunchScreen.storyboard */; };
		B5C40868263B1EC600D8F494 /* .gitignore in Resources */ = {isa = PBXBuildFile; fileRef = B5C40867263B1EC600D8F494 /* .gitignore */; };
		B5C40870263C736B00D8F494 /* NunitoSans-Regular.ttf in Resources */ = {isa = PBXBuildFile; fileRef = B5C4086E263C733300D8F494 /* NunitoSans-Regular.ttf */; };
		B5C40871263C737100D8F494 /* NunitoSans-Bold.ttf in Resources */ = {isa = PBXBuildFile; fileRef = B5C4086F263C734400D8F494 /* NunitoSans-Bold.ttf */; };
		B5C40875263D33F000D8F494 /* kaze_no_toori_michi.m4a in Resources */ = {isa = PBXBuildFile; fileRef = B5C40874263D33F000D8F494 /* kaze_no_toori_michi.m4a */; };
		B5C40877263D33FB00D8F494 /* merry_go_round_of_life.m4a in Resources */ = {isa = PBXBuildFile; fileRef = B5C40876263D33FB00D8F494 /* merry_go_round_of_life.m4a */; };
		B5C40879263D340500D8F494 /* inochi_no_namae.m4a in Resources */ = {isa = PBXBuildFile; fileRef = B5C40878263D340500D8F494 /* inochi_no_namae.m4a */; };
		B5C4087B263D387000D8F494 /* UserDefaults.swift in Sources */ = {isa = PBXBuildFile; fileRef = B5C4087A263D387000D8F494 /* UserDefaults.swift */; };
		B5C4087E263F0B7900D8F494 /* Time.swift in Sources */ = {isa = PBXBuildFile; fileRef = B5C4087D263F0B7900D8F494 /* Time.swift */; };
		B5C40888263FF7FB00D8F494 /* SessionFinishedViewController.swift in Sources */ = {isa = PBXBuildFile; fileRef = B5C40887263FF7FB00D8F494 /* SessionFinishedViewController.swift */; };
		B5C4088A263FFDEC00D8F494 /* NunitoSans-Italic.ttf in Resources */ = {isa = PBXBuildFile; fileRef = B5C40889263FFDEC00D8F494 /* NunitoSans-Italic.ttf */; };
		B5C4088C264023A000D8F494 /* AmbianceViewController.swift in Sources */ = {isa = PBXBuildFile; fileRef = B5C4088B264023A000D8F494 /* AmbianceViewController.swift */; };
		B5C4088E26403F6300D8F494 /* AmbianceTableViewCell.swift in Sources */ = {isa = PBXBuildFile; fileRef = B5C4088D26403F6300D8F494 /* AmbianceTableViewCell.swift */; };
		B5CF316B26427E1A00AB728A /* HowlColor.swift in Sources */ = {isa = PBXBuildFile; fileRef = B5CF316A26427E1A00AB728A /* HowlColor.swift */; };
/* End PBXBuildFile section */

/* Begin PBXFileReference section */
		B5563DA6265E5CD9008E9FC4 /* HistoryViewController.swift */ = {isa = PBXFileReference; lastKnownFileType = sourcecode.swift; path = HistoryViewController.swift; sourceTree = "<group>"; };
		B5C4084A263ABD0900D8F494 /* Howl.app */ = {isa = PBXFileReference; explicitFileType = wrapper.application; includeInIndex = 0; path = Howl.app; sourceTree = BUILT_PRODUCTS_DIR; };
		B5C4084D263ABD0900D8F494 /* AppDelegate.swift */ = {isa = PBXFileReference; lastKnownFileType = sourcecode.swift; path = AppDelegate.swift; sourceTree = "<group>"; };
		B5C4084F263ABD0900D8F494 /* SceneDelegate.swift */ = {isa = PBXFileReference; lastKnownFileType = sourcecode.swift; path = SceneDelegate.swift; sourceTree = "<group>"; };
		B5C40851263ABD0900D8F494 /* ViewController.swift */ = {isa = PBXFileReference; lastKnownFileType = sourcecode.swift; path = ViewController.swift; sourceTree = "<group>"; };
		B5C40854263ABD0900D8F494 /* Base */ = {isa = PBXFileReference; lastKnownFileType = file.storyboard; name = Base; path = Base.lproj/Main.storyboard; sourceTree = "<group>"; };
		B5C40857263ABD0900D8F494 /* Howl.xcdatamodel */ = {isa = PBXFileReference; lastKnownFileType = wrapper.xcdatamodel; path = Howl.xcdatamodel; sourceTree = "<group>"; };
		B5C40859263ABD0A00D8F494 /* Assets.xcassets */ = {isa = PBXFileReference; lastKnownFileType = folder.assetcatalog; path = Assets.xcassets; sourceTree = "<group>"; };
		B5C4085C263ABD0A00D8F494 /* Base */ = {isa = PBXFileReference; lastKnownFileType = file.storyboard; name = Base; path = Base.lproj/LaunchScreen.storyboard; sourceTree = "<group>"; };
		B5C4085E263ABD0A00D8F494 /* Info.plist */ = {isa = PBXFileReference; lastKnownFileType = text.plist.xml; path = Info.plist; sourceTree = "<group>"; };
		B5C40867263B1EC600D8F494 /* .gitignore */ = {isa = PBXFileReference; lastKnownFileType = text; path = .gitignore; sourceTree = "<group>"; };
		B5C4086E263C733300D8F494 /* NunitoSans-Regular.ttf */ = {isa = PBXFileReference; lastKnownFileType = file; path = "NunitoSans-Regular.ttf"; sourceTree = "<group>"; };
		B5C4086F263C734400D8F494 /* NunitoSans-Bold.ttf */ = {isa = PBXFileReference; lastKnownFileType = file; path = "NunitoSans-Bold.ttf"; sourceTree = "<group>"; };
		B5C40874263D33F000D8F494 /* kaze_no_toori_michi.m4a */ = {isa = PBXFileReference; lastKnownFileType = file; path = kaze_no_toori_michi.m4a; sourceTree = "<group>"; };
		B5C40876263D33FB00D8F494 /* merry_go_round_of_life.m4a */ = {isa = PBXFileReference; lastKnownFileType = file; path = merry_go_round_of_life.m4a; sourceTree = "<group>"; };
		B5C40878263D340500D8F494 /* inochi_no_namae.m4a */ = {isa = PBXFileReference; lastKnownFileType = file; path = inochi_no_namae.m4a; sourceTree = "<group>"; };
		B5C4087A263D387000D8F494 /* UserDefaults.swift */ = {isa = PBXFileReference; lastKnownFileType = sourcecode.swift; path = UserDefaults.swift; sourceTree = "<group>"; };
		B5C4087D263F0B7900D8F494 /* Time.swift */ = {isa = PBXFileReference; lastKnownFileType = sourcecode.swift; path = Time.swift; sourceTree = "<group>"; };
		B5C40887263FF7FB00D8F494 /* SessionFinishedViewController.swift */ = {isa = PBXFileReference; lastKnownFileType = sourcecode.swift; path = SessionFinishedViewController.swift; sourceTree = "<group>"; };
		B5C40889263FFDEC00D8F494 /* NunitoSans-Italic.ttf */ = {isa = PBXFileReference; lastKnownFileType = file; path = "NunitoSans-Italic.ttf"; sourceTree = "<group>"; };
		B5C4088B264023A000D8F494 /* AmbianceViewController.swift */ = {isa = PBXFileReference; lastKnownFileType = sourcecode.swift; path = AmbianceViewController.swift; sourceTree = "<group>"; };
		B5C4088D26403F6300D8F494 /* AmbianceTableViewCell.swift */ = {isa = PBXFileReference; lastKnownFileType = sourcecode.swift; path = AmbianceTableViewCell.swift; sourceTree = "<group>"; };
		B5CF316A26427E1A00AB728A /* HowlColor.swift */ = {isa = PBXFileReference; lastKnownFileType = sourcecode.swift; path = HowlColor.swift; sourceTree = "<group>"; };
		CC680B1A2EC0AB04ACD797A5 /* Pods_Howl.framework */ = {isa = PBXFileReference; explicitFileType = wrapper.framework; includeInIndex = 0; path = Pods_Howl.framework; sourceTree = BUILT_PRODUCTS_DIR; };
		D98855D78792AD5EBF321F90 /* Pods-Howl.release.xcconfig */ = {isa = PBXFileReference; includeInIndex = 1; lastKnownFileType = text.xcconfig; name = "Pods-Howl.release.xcconfig"; path = "Target Support Files/Pods-Howl/Pods-Howl.release.xcconfig"; sourceTree = "<group>"; };
		F49A019124E3719F00B0D873 /* Pods-Howl.debug.xcconfig */ = {isa = PBXFileReference; includeInIndex = 1; lastKnownFileType = text.xcconfig; name = "Pods-Howl.debug.xcconfig"; path = "Target Support Files/Pods-Howl/Pods-Howl.debug.xcconfig"; sourceTree = "<group>"; };
/* End PBXFileReference section */

/* Begin PBXFrameworksBuildPhase section */
		B5C40847263ABD0900D8F494 /* Frameworks */ = {
			isa = PBXFrameworksBuildPhase;
			buildActionMask = 2147483647;
			files = (
				294BE3F3F9FC5623EF714694 /* Pods_Howl.framework in Frameworks */,
			);
			runOnlyForDeploymentPostprocessing = 0;
		};
/* End PBXFrameworksBuildPhase section */

/* Begin PBXGroup section */
		7E1CB394CE1611A0C9B09B0E /* Frameworks */ = {
			isa = PBXGroup;
			children = (
				CC680B1A2EC0AB04ACD797A5 /* Pods_Howl.framework */,
			);
			name = Frameworks;
			sourceTree = "<group>";
		};
		B564097726FB8847004770AB /* Features */ = {
			isa = PBXGroup;
			children = (
				B564097826FB884C004770AB /* Home */,
				B564097A26FB8868004770AB /* SetAmbiance */,
				B564097926FB885E004770AB /* SessionHistory */,
			);
			path = Features;
			sourceTree = "<group>";
		};
		B564097826FB884C004770AB /* Home */ = {
			isa = PBXGroup;
			children = (
				B564098226FB8959004770AB /* Model */,
				B564098026FB88D6004770AB /* Controller */,
				B564097F26FB88D2004770AB /* View */,
			);
			path = Home;
			sourceTree = "<group>";
		};
		B564097926FB885E004770AB /* SessionHistory */ = {
			isa = PBXGroup;
			children = (
				B564097E26FB88CC004770AB /* Controller */,
				B564097D26FB88C8004770AB /* View */,
			);
			path = SessionHistory;
			sourceTree = "<group>";
		};
		B564097A26FB8868004770AB /* SetAmbiance */ = {
			isa = PBXGroup;
			children = (
				B564097C26FB88AC004770AB /* Controller */,
				B564097B26FB88A7004770AB /* View */,
			);
			path = SetAmbiance;
			sourceTree = "<group>";
		};
		B564097B26FB88A7004770AB /* View */ = {
			isa = PBXGroup;
			children = (
			);
			path = View;
			sourceTree = "<group>";
		};
		B564097C26FB88AC004770AB /* Controller */ = {
			isa = PBXGroup;
			children = (
				B5C4088B264023A000D8F494 /* AmbianceViewController.swift */,
			);
			path = Controller;
			sourceTree = "<group>";
		};
		B564097D26FB88C8004770AB /* View */ = {
			isa = PBXGroup;
			children = (
			);
			path = View;
			sourceTree = "<group>";
		};
		B564097E26FB88CC004770AB /* Controller */ = {
			isa = PBXGroup;
			children = (
				B5563DA6265E5CD9008E9FC4 /* HistoryViewController.swift */,
			);
			path = Controller;
			sourceTree = "<group>";
		};
		B564097F26FB88D2004770AB /* View */ = {
			isa = PBXGroup;
			children = (
				B5C40853263ABD0900D8F494 /* Main.storyboard */,
			);
			path = View;
			sourceTree = "<group>";
		};
		B564098026FB88D6004770AB /* Controller */ = {
			isa = PBXGroup;
			children = (
				B5C40851263ABD0900D8F494 /* ViewController.swift */,
				B5C40887263FF7FB00D8F494 /* SessionFinishedViewController.swift */,
			);
			path = Controller;
			sourceTree = "<group>";
		};
		B564098126FB8925004770AB /* Color */ = {
			isa = PBXGroup;
			children = (
				B5CF316A26427E1A00AB728A /* HowlColor.swift */,
			);
			path = Color;
			sourceTree = "<group>";
		};
		B564098226FB8959004770AB /* Model */ = {
			isa = PBXGroup;
			children = (
				B5C4087D263F0B7900D8F494 /* Time.swift */,
			);
			path = Model;
			sourceTree = "<group>";
		};
		B564098326FB898B004770AB /* CustomUI */ = {
			isa = PBXGroup;
			children = (
				B5C4088D26403F6300D8F494 /* AmbianceTableViewCell.swift */,
			);
			path = CustomUI;
			sourceTree = "<group>";
		};
		B5C40841263ABD0900D8F494 = {
			isa = PBXGroup;
			children = (
				B5C4084C263ABD0900D8F494 /* Howl */,
				B5C4084B263ABD0900D8F494 /* Products */,
				D2339C17A38EA6F838A0A701 /* Pods */,
				7E1CB394CE1611A0C9B09B0E /* Frameworks */,
			);
			sourceTree = "<group>";
		};
		B5C4084B263ABD0900D8F494 /* Products */ = {
			isa = PBXGroup;
			children = (
				B5C4084A263ABD0900D8F494 /* Howl.app */,
			);
			name = Products;
			sourceTree = "<group>";
		};
		B5C4084C263ABD0900D8F494 /* Howl */ = {
			isa = PBXGroup;
			children = (
				B564097726FB8847004770AB /* Features */,
				B5C4087C263F0B4B00D8F494 /* Themes */,
				B5C40873263D33DA00D8F494 /* Audio */,
				B5C4084D263ABD0900D8F494 /* AppDelegate.swift */,
				B5C4084F263ABD0900D8F494 /* SceneDelegate.swift */,
				B5C4087A263D387000D8F494 /* UserDefaults.swift */,
				B5C40859263ABD0A00D8F494 /* Assets.xcassets */,
				B5C4085B263ABD0A00D8F494 /* LaunchScreen.storyboard */,
				B5C4085E263ABD0A00D8F494 /* Info.plist */,
				B5C40856263ABD0900D8F494 /* Howl.xcdatamodeld */,
				B5C40867263B1EC600D8F494 /* .gitignore */,
			);
			path = Howl;
			sourceTree = "<group>";
		};
		B5C4086C263C72A100D8F494 /* Font */ = {
			isa = PBXGroup;
			children = (
				B5C40889263FFDEC00D8F494 /* NunitoSans-Italic.ttf */,
				B5C4086E263C733300D8F494 /* NunitoSans-Regular.ttf */,
				B5C4086F263C734400D8F494 /* NunitoSans-Bold.ttf */,
			);
			path = Font;
			sourceTree = "<group>";
		};
		B5C40873263D33DA00D8F494 /* Audio */ = {
			isa = PBXGroup;
			children = (
				B5C40878263D340500D8F494 /* inochi_no_namae.m4a */,
				B5C40876263D33FB00D8F494 /* merry_go_round_of_life.m4a */,
				B5C40874263D33F000D8F494 /* kaze_no_toori_michi.m4a */,
			);
			path = Audio;
			sourceTree = "<group>";
		};
		B5C4087C263F0B4B00D8F494 /* Themes */ = {
			isa = PBXGroup;
			children = (
				B564098126FB8925004770AB /* Color */,
				B5C4086C263C72A100D8F494 /* Font */,
				B564098326FB898B004770AB /* CustomUI */,
			);
			path = Themes;
			sourceTree = "<group>";
		};
		D2339C17A38EA6F838A0A701 /* Pods */ = {
			isa = PBXGroup;
			children = (
				F49A019124E3719F00B0D873 /* Pods-Howl.debug.xcconfig */,
				D98855D78792AD5EBF321F90 /* Pods-Howl.release.xcconfig */,
			);
			path = Pods;
			sourceTree = "<group>";
		};
/* End PBXGroup section */

/* Begin PBXNativeTarget section */
		B5C40849263ABD0900D8F494 /* Howl */ = {
			isa = PBXNativeTarget;
			buildConfigurationList = B5C40861263ABD0A00D8F494 /* Build configuration list for PBXNativeTarget "Howl" */;
			buildPhases = (
				9BF71FD34D6C0D2CA68DE206 /* [CP] Check Pods Manifest.lock */,
				B5C40846263ABD0900D8F494 /* Sources */,
				B5C40847263ABD0900D8F494 /* Frameworks */,
				B5C40848263ABD0900D8F494 /* Resources */,
				AB16BDE505DFA78C68578B1D /* [CP] Embed Pods Frameworks */,
			);
			buildRules = (
			);
			dependencies = (
			);
			name = Howl;
			productName = Howl;
			productReference = B5C4084A263ABD0900D8F494 /* Howl.app */;
			productType = "com.apple.product-type.application";
		};
/* End PBXNativeTarget section */

/* Begin PBXProject section */
		B5C40842263ABD0900D8F494 /* Project object */ = {
			isa = PBXProject;
			attributes = {
				LastSwiftUpdateCheck = 1250;
				LastUpgradeCheck = 1250;
				TargetAttributes = {
					B5C40849263ABD0900D8F494 = {
						CreatedOnToolsVersion = 12.5;
					};
				};
			};
			buildConfigurationList = B5C40845263ABD0900D8F494 /* Build configuration list for PBXProject "Howl" */;
			compatibilityVersion = "Xcode 9.3";
			developmentRegion = en;
			hasScannedForEncodings = 0;
			knownRegions = (
				en,
				Base,
			);
			mainGroup = B5C40841263ABD0900D8F494;
			productRefGroup = B5C4084B263ABD0900D8F494 /* Products */;
			projectDirPath = "";
			projectRoot = "";
			targets = (
				B5C40849263ABD0900D8F494 /* Howl */,
			);
		};
/* End PBXProject section */

/* Begin PBXResourcesBuildPhase section */
		B5C40848263ABD0900D8F494 /* Resources */ = {
			isa = PBXResourcesBuildPhase;
			buildActionMask = 2147483647;
			files = (
				B5C40868263B1EC600D8F494 /* .gitignore in Resources */,
				B5C4085D263ABD0A00D8F494 /* LaunchScreen.storyboard in Resources */,
				B5C4088A263FFDEC00D8F494 /* NunitoSans-Italic.ttf in Resources */,
				B5C40877263D33FB00D8F494 /* merry_go_round_of_life.m4a in Resources */,
				B5C40870263C736B00D8F494 /* NunitoSans-Regular.ttf in Resources */,
				B5C40871263C737100D8F494 /* NunitoSans-Bold.ttf in Resources */,
				B5C4085A263ABD0A00D8F494 /* Assets.xcassets in Resources */,
				B5C40855263ABD0900D8F494 /* Main.storyboard in Resources */,
				B5C40875263D33F000D8F494 /* kaze_no_toori_michi.m4a in Resources */,
				B5C40879263D340500D8F494 /* inochi_no_namae.m4a in Resources */,
			);
			runOnlyForDeploymentPostprocessing = 0;
		};
/* End PBXResourcesBuildPhase section */

/* Begin PBXShellScriptBuildPhase section */
		9BF71FD34D6C0D2CA68DE206 /* [CP] Check Pods Manifest.lock */ = {
			isa = PBXShellScriptBuildPhase;
			buildActionMask = 2147483647;
			files = (
			);
			inputFileListPaths = (
			);
			inputPaths = (
				"${PODS_PODFILE_DIR_PATH}/Podfile.lock",
				"${PODS_ROOT}/Manifest.lock",
			);
			name = "[CP] Check Pods Manifest.lock";
			outputFileListPaths = (
			);
			outputPaths = (
				"$(DERIVED_FILE_DIR)/Pods-Howl-checkManifestLockResult.txt",
			);
			runOnlyForDeploymentPostprocessing = 0;
			shellPath = /bin/sh;
			shellScript = "diff \"${PODS_PODFILE_DIR_PATH}/Podfile.lock\" \"${PODS_ROOT}/Manifest.lock\" > /dev/null\nif [ $? != 0 ] ; then\n    # print error to STDERR\n    echo \"error: The sandbox is not in sync with the Podfile.lock. Run 'pod install' or update your CocoaPods installation.\" >&2\n    exit 1\nfi\n# This output is used by Xcode 'outputs' to avoid re-running this script phase.\necho \"SUCCESS\" > \"${SCRIPT_OUTPUT_FILE_0}\"\n";
			showEnvVarsInLog = 0;
		};
		AB16BDE505DFA78C68578B1D /* [CP] Embed Pods Frameworks */ = {
			isa = PBXShellScriptBuildPhase;
			buildActionMask = 2147483647;
			files = (
			);
			inputFileListPaths = (
				"${PODS_ROOT}/Target Support Files/Pods-Howl/Pods-Howl-frameworks-${CONFIGURATION}-input-files.xcfilelist",
			);
			name = "[CP] Embed Pods Frameworks";
			outputFileListPaths = (
				"${PODS_ROOT}/Target Support Files/Pods-Howl/Pods-Howl-frameworks-${CONFIGURATION}-output-files.xcfilelist",
			);
			runOnlyForDeploymentPostprocessing = 0;
			shellPath = /bin/sh;
			shellScript = "\"${PODS_ROOT}/Target Support Files/Pods-Howl/Pods-Howl-frameworks.sh\"\n";
			showEnvVarsInLog = 0;
		};
/* End PBXShellScriptBuildPhase section */

/* Begin PBXSourcesBuildPhase section */
		B5C40846263ABD0900D8F494 /* Sources */ = {
			isa = PBXSourcesBuildPhase;
			buildActionMask = 2147483647;
			files = (
				B5C4087E263F0B7900D8F494 /* Time.swift in Sources */,
				B5CF316B26427E1A00AB728A /* HowlColor.swift in Sources */,
				B5C40852263ABD0900D8F494 /* ViewController.swift in Sources */,
				B5563DA7265E5CD9008E9FC4 /* HistoryViewController.swift in Sources */,
				B5C4088C264023A000D8F494 /* AmbianceViewController.swift in Sources */,
				B5C4087B263D387000D8F494 /* UserDefaults.swift in Sources */,
				B5C40888263FF7FB00D8F494 /* SessionFinishedViewController.swift in Sources */,
				B5C4084E263ABD0900D8F494 /* AppDelegate.swift in Sources */,
				B5C40850263ABD0900D8F494 /* SceneDelegate.swift in Sources */,
				B5C4088E26403F6300D8F494 /* AmbianceTableViewCell.swift in Sources */,
				B5C40858263ABD0900D8F494 /* Howl.xcdatamodeld in Sources */,
			);
			runOnlyForDeploymentPostprocessing = 0;
		};
/* End PBXSourcesBuildPhase section */

/* Begin PBXVariantGroup section */
		B5C40853263ABD0900D8F494 /* Main.storyboard */ = {
			isa = PBXVariantGroup;
			children = (
				B5C40854263ABD0900D8F494 /* Base */,
			);
			name = Main.storyboard;
			sourceTree = "<group>";
		};
		B5C4085B263ABD0A00D8F494 /* LaunchScreen.storyboard */ = {
			isa = PBXVariantGroup;
			children = (
				B5C4085C263ABD0A00D8F494 /* Base */,
			);
			name = LaunchScreen.storyboard;
			sourceTree = "<group>";
		};
/* End PBXVariantGroup section */

/* Begin XCBuildConfiguration section */
		B5C4085F263ABD0A00D8F494 /* Debug */ = {
			isa = XCBuildConfiguration;
			buildSettings = {
				ALWAYS_SEARCH_USER_PATHS = NO;
				CLANG_ANALYZER_NONNULL = YES;
				CLANG_ANALYZER_NUMBER_OBJECT_CONVERSION = YES_AGGRESSIVE;
				CLANG_CXX_LANGUAGE_STANDARD = "gnu++14";
				CLANG_CXX_LIBRARY = "libc++";
				CLANG_ENABLE_MODULES = YES;
				CLANG_ENABLE_OBJC_ARC = YES;
				CLANG_ENABLE_OBJC_WEAK = YES;
				CLANG_WARN_BLOCK_CAPTURE_AUTORELEASING = YES;
				CLANG_WARN_BOOL_CONVERSION = YES;
				CLANG_WARN_COMMA = YES;
				CLANG_WARN_CONSTANT_CONVERSION = YES;
				CLANG_WARN_DEPRECATED_OBJC_IMPLEMENTATIONS = YES;
				CLANG_WARN_DIRECT_OBJC_ISA_USAGE = YES_ERROR;
				CLANG_WARN_DOCUMENTATION_COMMENTS = YES;
				CLANG_WARN_EMPTY_BODY = YES;
				CLANG_WARN_ENUM_CONVERSION = YES;
				CLANG_WARN_INFINITE_RECURSION = YES;
				CLANG_WARN_INT_CONVERSION = YES;
				CLANG_WARN_NON_LITERAL_NULL_CONVERSION = YES;
				CLANG_WARN_OBJC_IMPLICIT_RETAIN_SELF = YES;
				CLANG_WARN_OBJC_LITERAL_CONVERSION = YES;
				CLANG_WARN_OBJC_ROOT_CLASS = YES_ERROR;
				CLANG_WARN_QUOTED_INCLUDE_IN_FRAMEWORK_HEADER = YES;
				CLANG_WARN_RANGE_LOOP_ANALYSIS = YES;
				CLANG_WARN_STRICT_PROTOTYPES = YES;
				CLANG_WARN_SUSPICIOUS_MOVE = YES;
				CLANG_WARN_UNGUARDED_AVAILABILITY = YES_AGGRESSIVE;
				CLANG_WARN_UNREACHABLE_CODE = YES;
				CLANG_WARN__DUPLICATE_METHOD_MATCH = YES;
				COPY_PHASE_STRIP = NO;
				DEBUG_INFORMATION_FORMAT = dwarf;
				ENABLE_STRICT_OBJC_MSGSEND = YES;
				ENABLE_TESTABILITY = YES;
				GCC_C_LANGUAGE_STANDARD = gnu11;
				GCC_DYNAMIC_NO_PIC = NO;
				GCC_NO_COMMON_BLOCKS = YES;
				GCC_OPTIMIZATION_LEVEL = 0;
				GCC_PREPROCESSOR_DEFINITIONS = (
					"DEBUG=1",
					"$(inherited)",
				);
				GCC_WARN_64_TO_32_BIT_CONVERSION = YES;
				GCC_WARN_ABOUT_RETURN_TYPE = YES_ERROR;
				GCC_WARN_UNDECLARED_SELECTOR = YES;
				GCC_WARN_UNINITIALIZED_AUTOS = YES_AGGRESSIVE;
				GCC_WARN_UNUSED_FUNCTION = YES;
				GCC_WARN_UNUSED_VARIABLE = YES;
				IPHONEOS_DEPLOYMENT_TARGET = 14.5;
				MTL_ENABLE_DEBUG_INFO = INCLUDE_SOURCE;
				MTL_FAST_MATH = YES;
				ONLY_ACTIVE_ARCH = YES;
				SDKROOT = iphoneos;
				SWIFT_ACTIVE_COMPILATION_CONDITIONS = DEBUG;
				SWIFT_OPTIMIZATION_LEVEL = "-Onone";
			};
			name = Debug;
		};
		B5C40860263ABD0A00D8F494 /* Release */ = {
			isa = XCBuildConfiguration;
			buildSettings = {
				ALWAYS_SEARCH_USER_PATHS = NO;
				CLANG_ANALYZER_NONNULL = YES;
				CLANG_ANALYZER_NUMBER_OBJECT_CONVERSION = YES_AGGRESSIVE;
				CLANG_CXX_LANGUAGE_STANDARD = "gnu++14";
				CLANG_CXX_LIBRARY = "libc++";
				CLANG_ENABLE_MODULES = YES;
				CLANG_ENABLE_OBJC_ARC = YES;
				CLANG_ENABLE_OBJC_WEAK = YES;
				CLANG_WARN_BLOCK_CAPTURE_AUTORELEASING = YES;
				CLANG_WARN_BOOL_CONVERSION = YES;
				CLANG_WARN_COMMA = YES;
				CLANG_WARN_CONSTANT_CONVERSION = YES;
				CLANG_WARN_DEPRECATED_OBJC_IMPLEMENTATIONS = YES;
				CLANG_WARN_DIRECT_OBJC_ISA_USAGE = YES_ERROR;
				CLANG_WARN_DOCUMENTATION_COMMENTS = YES;
				CLANG_WARN_EMPTY_BODY = YES;
				CLANG_WARN_ENUM_CONVERSION = YES;
				CLANG_WARN_INFINITE_RECURSION = YES;
				CLANG_WARN_INT_CONVERSION = YES;
				CLANG_WARN_NON_LITERAL_NULL_CONVERSION = YES;
				CLANG_WARN_OBJC_IMPLICIT_RETAIN_SELF = YES;
				CLANG_WARN_OBJC_LITERAL_CONVERSION = YES;
				CLANG_WARN_OBJC_ROOT_CLASS = YES_ERROR;
				CLANG_WARN_QUOTED_INCLUDE_IN_FRAMEWORK_HEADER = YES;
				CLANG_WARN_RANGE_LOOP_ANALYSIS = YES;
				CLANG_WARN_STRICT_PROTOTYPES = YES;
				CLANG_WARN_SUSPICIOUS_MOVE = YES;
				CLANG_WARN_UNGUARDED_AVAILABILITY = YES_AGGRESSIVE;
				CLANG_WARN_UNREACHABLE_CODE = YES;
				CLANG_WARN__DUPLICATE_METHOD_MATCH = YES;
				COPY_PHASE_STRIP = NO;
				DEBUG_INFORMATION_FORMAT = "dwarf-with-dsym";
				ENABLE_NS_ASSERTIONS = NO;
				ENABLE_STRICT_OBJC_MSGSEND = YES;
				GCC_C_LANGUAGE_STANDARD = gnu11;
				GCC_NO_COMMON_BLOCKS = YES;
				GCC_WARN_64_TO_32_BIT_CONVERSION = YES;
				GCC_WARN_ABOUT_RETURN_TYPE = YES_ERROR;
				GCC_WARN_UNDECLARED_SELECTOR = YES;
				GCC_WARN_UNINITIALIZED_AUTOS = YES_AGGRESSIVE;
				GCC_WARN_UNUSED_FUNCTION = YES;
				GCC_WARN_UNUSED_VARIABLE = YES;
				IPHONEOS_DEPLOYMENT_TARGET = 14.5;
				MTL_ENABLE_DEBUG_INFO = NO;
				MTL_FAST_MATH = YES;
				SDKROOT = iphoneos;
				SWIFT_COMPILATION_MODE = wholemodule;
				SWIFT_OPTIMIZATION_LEVEL = "-O";
				VALIDATE_PRODUCT = YES;
			};
			name = Release;
		};
		B5C40862263ABD0A00D8F494 /* Debug */ = {
			isa = XCBuildConfiguration;
			baseConfigurationReference = F49A019124E3719F00B0D873 /* Pods-Howl.debug.xcconfig */;
			buildSettings = {
				ASSETCATALOG_COMPILER_APPICON_NAME = AppIcon;
				ASSETCATALOG_COMPILER_GLOBAL_ACCENT_COLOR_NAME = AccentColor;
				CODE_SIGN_STYLE = Automatic;
				DEVELOPMENT_TEAM = 7NRQ3NR6V2;
				INFOPLIST_FILE = Howl/Info.plist;
				LD_RUNPATH_SEARCH_PATHS = (
					"$(inherited)",
					"@executable_path/Frameworks",
				);
				PRODUCT_BUNDLE_IDENTIFIER = AppleAcademy.Howl;
				PRODUCT_NAME = "$(TARGET_NAME)";
				SWIFT_VERSION = 5.0;
				TARGETED_DEVICE_FAMILY = 1;
			};
			name = Debug;
		};
		B5C40863263ABD0A00D8F494 /* Release */ = {
			isa = XCBuildConfiguration;
			baseConfigurationReference = D98855D78792AD5EBF321F90 /* Pods-Howl.release.xcconfig */;
			buildSettings = {
				ASSETCATALOG_COMPILER_APPICON_NAME = AppIcon;
				ASSETCATALOG_COMPILER_GLOBAL_ACCENT_COLOR_NAME = AccentColor;
				CODE_SIGN_STYLE = Automatic;
				DEVELOPMENT_TEAM = 7NRQ3NR6V2;
				INFOPLIST_FILE = Howl/Info.plist;
				LD_RUNPATH_SEARCH_PATHS = (
					"$(inherited)",
					"@executable_path/Frameworks",
				);
				PRODUCT_BUNDLE_IDENTIFIER = AppleAcademy.Howl;
				PRODUCT_NAME = "$(TARGET_NAME)";
				SWIFT_VERSION = 5.0;
				TARGETED_DEVICE_FAMILY = 1;
			};
			name = Release;
		};
/* End XCBuildConfiguration section */

/* Begin XCConfigurationList section */
		B5C40845263ABD0900D8F494 /* Build configuration list for PBXProject "Howl" */ = {
			isa = XCConfigurationList;
			buildConfigurations = (
				B5C4085F263ABD0A00D8F494 /* Debug */,
				B5C40860263ABD0A00D8F494 /* Release */,
			);
			defaultConfigurationIsVisible = 0;
			defaultConfigurationName = Release;
		};
		B5C40861263ABD0A00D8F494 /* Build configuration list for PBXNativeTarget "Howl" */ = {
			isa = XCConfigurationList;
			buildConfigurations = (
				B5C40862263ABD0A00D8F494 /* Debug */,
				B5C40863263ABD0A00D8F494 /* Release */,
			);
			defaultConfigurationIsVisible = 0;
			defaultConfigurationName = Release;
		};
/* End XCConfigurationList section */

/* Begin XCVersionGroup section */
		B5C40856263ABD0900D8F494 /* Howl.xcdatamodeld */ = {
			isa = XCVersionGroup;
			children = (
				B5C40857263ABD0900D8F494 /* Howl.xcdatamodel */,
			);
			currentVersion = B5C40857263ABD0900D8F494 /* Howl.xcdatamodel */;
			path = Howl.xcdatamodeld;
			sourceTree = "<group>";
			versionGroupType = wrapper.xcdatamodel;
		};
/* End XCVersionGroup section */
	};
	rootObject = B5C40842263ABD0900D8F494 /* Project object */;
}
